// !$*UTF8*$!
{
	archiveVersion = 1;
	classes = {
	};
	objectVersion = 56;
	objects = {

/* Begin PBXBuildFile section */
		33D219B4291FBC0C009F4967 /* AppDelegate.swift in Sources */ = {isa = PBXBuildFile; fileRef = 33D219B3291FBC0C009F4967 /* AppDelegate.swift */; };
		33D219B6291FBC0C009F4967 /* SceneDelegate.swift in Sources */ = {isa = PBXBuildFile; fileRef = 33D219B5291FBC0C009F4967 /* SceneDelegate.swift */; };
		33D219BD291FBC0D009F4967 /* Assets.xcassets in Resources */ = {isa = PBXBuildFile; fileRef = 33D219BC291FBC0D009F4967 /* Assets.xcassets */; };
		33D219C0291FBC0D009F4967 /* LaunchScreen.storyboard in Resources */ = {isa = PBXBuildFile; fileRef = 33D219BE291FBC0D009F4967 /* LaunchScreen.storyboard */; };
		33D219CD291FBF71009F4967 /* HomeScreen.swift in Sources */ = {isa = PBXBuildFile; fileRef = 33D219CC291FBF71009F4967 /* HomeScreen.swift */; };
		33D219CF291FC35C009F4967 /* HomeVC.swift in Sources */ = {isa = PBXBuildFile; fileRef = 33D219CE291FC35C009F4967 /* HomeVC.swift */; };
		33EBB2D629211125000618E1 /* Model.swift in Sources */ = {isa = PBXBuildFile; fileRef = 33EBB2D529211125000618E1 /* Model.swift */; };
		33EBB2D929211142000618E1 /* Service.swift in Sources */ = {isa = PBXBuildFile; fileRef = 33EBB2D829211142000618E1 /* Service.swift */; };
		33EBB2E329211E52000618E1 /* UserDetailTableViewCell.swift in Sources */ = {isa = PBXBuildFile; fileRef = 33EBB2E229211E52000618E1 /* UserDetailTableViewCell.swift */; };
/* End PBXBuildFile section */

/* Begin PBXFileReference section */
		33D219B0291FBC0C009F4967 /* JornadaIOSAluraFilmes.app */ = {isa = PBXFileReference; explicitFileType = wrapper.application; includeInIndex = 0; path = JornadaIOSAluraFilmes.app; sourceTree = BUILT_PRODUCTS_DIR; };
		33D219B3291FBC0C009F4967 /* AppDelegate.swift */ = {isa = PBXFileReference; lastKnownFileType = sourcecode.swift; path = AppDelegate.swift; sourceTree = "<group>"; };
		33D219B5291FBC0C009F4967 /* SceneDelegate.swift */ = {isa = PBXFileReference; lastKnownFileType = sourcecode.swift; path = SceneDelegate.swift; sourceTree = "<group>"; };
		33D219BC291FBC0D009F4967 /* Assets.xcassets */ = {isa = PBXFileReference; lastKnownFileType = folder.assetcatalog; path = Assets.xcassets; sourceTree = "<group>"; };
		33D219BF291FBC0D009F4967 /* Base */ = {isa = PBXFileReference; lastKnownFileType = file.storyboard; name = Base; path = Base.lproj/LaunchScreen.storyboard; sourceTree = "<group>"; };
		33D219C1291FBC0D009F4967 /* Info.plist */ = {isa = PBXFileReference; lastKnownFileType = text.plist.xml; path = Info.plist; sourceTree = "<group>"; };
		33D219CC291FBF71009F4967 /* HomeScreen.swift */ = {isa = PBXFileReference; lastKnownFileType = sourcecode.swift; path = HomeScreen.swift; sourceTree = "<group>"; };
		33D219CE291FC35C009F4967 /* HomeVC.swift */ = {isa = PBXFileReference; lastKnownFileType = sourcecode.swift; path = HomeVC.swift; sourceTree = "<group>"; };
		33EBB2D529211125000618E1 /* Model.swift */ = {isa = PBXFileReference; lastKnownFileType = sourcecode.swift; path = Model.swift; sourceTree = "<group>"; };
		33EBB2D829211142000618E1 /* Service.swift */ = {isa = PBXFileReference; lastKnownFileType = sourcecode.swift; path = Service.swift; sourceTree = "<group>"; };
		33EBB2E229211E52000618E1 /* UserDetailTableViewCell.swift */ = {isa = PBXFileReference; lastKnownFileType = sourcecode.swift; path = UserDetailTableViewCell.swift; sourceTree = "<group>"; };
/* End PBXFileReference section */

/* Begin PBXFrameworksBuildPhase section */
		33D219AD291FBC0C009F4967 /* Frameworks */ = {
			isa = PBXFrameworksBuildPhase;
			buildActionMask = 2147483647;
			files = (
			);
			runOnlyForDeploymentPostprocessing = 0;
		};
/* End PBXFrameworksBuildPhase section */

/* Begin PBXGroup section */
		33D219A7291FBC0C009F4967 = {
			isa = PBXGroup;
			children = (
				33D219B2291FBC0C009F4967 /* JornadaIOSAluraFilmes */,
				33D219B1291FBC0C009F4967 /* Products */,
			);
			sourceTree = "<group>";
		};
		33D219B1291FBC0C009F4967 /* Products */ = {
			isa = PBXGroup;
			children = (
				33D219B0291FBC0C009F4967 /* JornadaIOSAluraFilmes.app */,
			);
			name = Products;
			sourceTree = "<group>";
		};
		33D219B2291FBC0C009F4967 /* JornadaIOSAluraFilmes */ = {
			isa = PBXGroup;
			children = (
				33EBB2D3292110FF000618E1 /* API */,
				33D219C7291FBE94009F4967 /* Home */,
				33D219B3291FBC0C009F4967 /* AppDelegate.swift */,
				33D219B5291FBC0C009F4967 /* SceneDelegate.swift */,
				33D219BC291FBC0D009F4967 /* Assets.xcassets */,
				33D219BE291FBC0D009F4967 /* LaunchScreen.storyboard */,
				33D219C1291FBC0D009F4967 /* Info.plist */,
			);
			path = JornadaIOSAluraFilmes;
			sourceTree = "<group>";
		};
		33D219C7291FBE94009F4967 /* Home */ = {
			isa = PBXGroup;
			children = (
				33EBB2E129211E2F000618E1 /* Cell */,
				33D219C9291FBEAD009F4967 /* VC */,
				33D219C8291FBE9F009F4967 /* HomeScreen */,
			);
			path = Home;
			sourceTree = "<group>";
		};
		33D219C8291FBE9F009F4967 /* HomeScreen */ = {
			isa = PBXGroup;
			children = (
				33D219CC291FBF71009F4967 /* HomeScreen.swift */,
			);
			path = HomeScreen;
			sourceTree = "<group>";
		};
		33D219C9291FBEAD009F4967 /* VC */ = {
			isa = PBXGroup;
			children = (
				33D219CE291FC35C009F4967 /* HomeVC.swift */,
			);
			path = VC;
			sourceTree = "<group>";
		};
		33EBB2D3292110FF000618E1 /* API */ = {
			isa = PBXGroup;
			children = (
				33EBB2D729211130000618E1 /* Service */,
				33EBB2D42921110C000618E1 /* Model */,
			);
			path = API;
			sourceTree = "<group>";
		};
		33EBB2D42921110C000618E1 /* Model */ = {
			isa = PBXGroup;
			children = (
				33EBB2D529211125000618E1 /* Model.swift */,
			);
			path = Model;
			sourceTree = "<group>";
		};
		33EBB2D729211130000618E1 /* Service */ = {
			isa = PBXGroup;
			children = (
				33EBB2D829211142000618E1 /* Service.swift */,
			);
			path = Service;
			sourceTree = "<group>";
		};
		33EBB2E129211E2F000618E1 /* Cell */ = {
			isa = PBXGroup;
			children = (
				33EBB2E229211E52000618E1 /* UserDetailTableViewCell.swift */,
			);
			path = Cell;
			sourceTree = "<group>";
		};
/* End PBXGroup section */

/* Begin PBXNativeTarget section */
		33D219AF291FBC0C009F4967 /* JornadaIOSAluraFilmes */ = {
			isa = PBXNativeTarget;
			buildConfigurationList = 33D219C4291FBC0D009F4967 /* Build configuration list for PBXNativeTarget "JornadaIOSAluraFilmes" */;
			buildPhases = (
				33D219AC291FBC0C009F4967 /* Sources */,
				33D219AD291FBC0C009F4967 /* Frameworks */,
				33D219AE291FBC0C009F4967 /* Resources */,
			);
			buildRules = (
			);
			dependencies = (
			);
			name = JornadaIOSAluraFilmes;
			productName = JornadaIOSAluraFilmes;
			productReference = 33D219B0291FBC0C009F4967 /* JornadaIOSAluraFilmes.app */;
			productType = "com.apple.product-type.application";
		};
/* End PBXNativeTarget section */

/* Begin PBXProject section */
		33D219A8291FBC0C009F4967 /* Project object */ = {
			isa = PBXProject;
			attributes = {
				BuildIndependentTargetsInParallel = 1;
				LastSwiftUpdateCheck = 1400;
				LastUpgradeCheck = 1400;
				TargetAttributes = {
					33D219AF291FBC0C009F4967 = {
						CreatedOnToolsVersion = 14.0;
					};
				};
			};
			buildConfigurationList = 33D219AB291FBC0C009F4967 /* Build configuration list for PBXProject "JornadaIOSAluraFilmes" */;
			compatibilityVersion = "Xcode 14.0";
			developmentRegion = en;
			hasScannedForEncodings = 0;
			knownRegions = (
				en,
				Base,
			);
			mainGroup = 33D219A7291FBC0C009F4967;
			productRefGroup = 33D219B1291FBC0C009F4967 /* Products */;
			projectDirPath = "";
			projectRoot = "";
			targets = (
				33D219AF291FBC0C009F4967 /* JornadaIOSAluraFilmes */,
			);
		};
/* End PBXProject section */

/* Begin PBXResourcesBuildPhase section */
		33D219AE291FBC0C009F4967 /* Resources */ = {
			isa = PBXResourcesBuildPhase;
			buildActionMask = 2147483647;
			files = (
				33D219C0291FBC0D009F4967 /* LaunchScreen.storyboard in Resources */,
				33D219BD291FBC0D009F4967 /* Assets.xcassets in Resources */,
			);
			runOnlyForDeploymentPostprocessing = 0;
		};
/* End PBXResourcesBuildPhase section */

/* Begin PBXSourcesBuildPhase section */
		33D219AC291FBC0C009F4967 /* Sources */ = {
			isa = PBXSourcesBuildPhase;
			buildActionMask = 2147483647;
			files = (
				33EBB2D629211125000618E1 /* Model.swift in Sources */,
				33D219CD291FBF71009F4967 /* HomeScreen.swift in Sources */,
				33D219CF291FC35C009F4967 /* HomeVC.swift in Sources */,
				33EBB2E329211E52000618E1 /* UserDetailTableViewCell.swift in Sources */,
				33D219B4291FBC0C009F4967 /* AppDelegate.swift in Sources */,
				33D219B6291FBC0C009F4967 /* SceneDelegate.swift in Sources */,
				33EBB2D929211142000618E1 /* Service.swift in Sources */,
			);
			runOnlyForDeploymentPostprocessing = 0;
		};
/* End PBXSourcesBuildPhase section */

/* Begin PBXVariantGroup section */
		33D219BE291FBC0D009F4967 /* LaunchScreen.storyboard */ = {
			isa = PBXVariantGroup;
			children = (
				33D219BF291FBC0D009F4967 /* Base */,
			);
			name = LaunchScreen.storyboard;
			sourceTree = "<group>";
		};
/* End PBXVariantGroup section */

/* Begin XCBuildConfiguration section */
		33D219C2291FBC0D009F4967 /* Debug */ = {
			isa = XCBuildConfiguration;
			buildSettings = {
				ALWAYS_SEARCH_USER_PATHS = NO;
				CLANG_ANALYZER_NONNULL = YES;
				CLANG_ANALYZER_NUMBER_OBJECT_CONVERSION = YES_AGGRESSIVE;
				CLANG_CXX_LANGUAGE_STANDARD = "gnu++20";
				CLANG_ENABLE_MODULES = YES;
				CLANG_ENABLE_OBJC_ARC = YES;
				CLANG_ENABLE_OBJC_WEAK = YES;
				CLANG_WARN_BLOCK_CAPTURE_AUTORELEASING = YES;
				CLANG_WARN_BOOL_CONVERSION = YES;
				CLANG_WARN_COMMA = YES;
				CLANG_WARN_CONSTANT_CONVERSION = YES;
				CLANG_WARN_DEPRECATED_OBJC_IMPLEMENTATIONS = YES;
				CLANG_WARN_DIRECT_OBJC_ISA_USAGE = YES_ERROR;
				CLANG_WARN_DOCUMENTATION_COMMENTS = YES;
				CLANG_WARN_EMPTY_BODY = YES;
				CLANG_WARN_ENUM_CONVERSION = YES;
				CLANG_WARN_INFINITE_RECURSION = YES;
				CLANG_WARN_INT_CONVERSION = YES;
				CLANG_WARN_NON_LITERAL_NULL_CONVERSION = YES;
				CLANG_WARN_OBJC_IMPLICIT_RETAIN_SELF = YES;
				CLANG_WARN_OBJC_LITERAL_CONVERSION = YES;
				CLANG_WARN_OBJC_ROOT_CLASS = YES_ERROR;
				CLANG_WARN_QUOTED_INCLUDE_IN_FRAMEWORK_HEADER = YES;
				CLANG_WARN_RANGE_LOOP_ANALYSIS = YES;
				CLANG_WARN_STRICT_PROTOTYPES = YES;
				CLANG_WARN_SUSPICIOUS_MOVE = YES;
				CLANG_WARN_UNGUARDED_AVAILABILITY = YES_AGGRESSIVE;
				CLANG_WARN_UNREACHABLE_CODE = YES;
				CLANG_WARN__DUPLICATE_METHOD_MATCH = YES;
				COPY_PHASE_STRIP = NO;
				DEBUG_INFORMATION_FORMAT = dwarf;
				ENABLE_STRICT_OBJC_MSGSEND = YES;
				ENABLE_TESTABILITY = YES;
				GCC_C_LANGUAGE_STANDARD = gnu11;
				GCC_DYNAMIC_NO_PIC = NO;
				GCC_NO_COMMON_BLOCKS = YES;
				GCC_OPTIMIZATION_LEVEL = 0;
				GCC_PREPROCESSOR_DEFINITIONS = (
					"DEBUG=1",
					"$(inherited)",
				);
				GCC_WARN_64_TO_32_BIT_CONVERSION = YES;
				GCC_WARN_ABOUT_RETURN_TYPE = YES_ERROR;
				GCC_WARN_UNDECLARED_SELECTOR = YES;
				GCC_WARN_UNINITIALIZED_AUTOS = YES_AGGRESSIVE;
				GCC_WARN_UNUSED_FUNCTION = YES;
				GCC_WARN_UNUSED_VARIABLE = YES;
				IPHONEOS_DEPLOYMENT_TARGET = 16.0;
				MTL_ENABLE_DEBUG_INFO = INCLUDE_SOURCE;
				MTL_FAST_MATH = YES;
				ONLY_ACTIVE_ARCH = YES;
				SDKROOT = iphoneos;
				SWIFT_ACTIVE_COMPILATION_CONDITIONS = DEBUG;
				SWIFT_OPTIMIZATION_LEVEL = "-Onone";
			};
			name = Debug;
		};
		33D219C3291FBC0D009F4967 /* Release */ = {
			isa = XCBuildConfiguration;
			buildSettings = {
				ALWAYS_SEARCH_USER_PATHS = NO;
				CLANG_ANALYZER_NONNULL = YES;
				CLANG_ANALYZER_NUMBER_OBJECT_CONVERSION = YES_AGGRESSIVE;
				CLANG_CXX_LANGUAGE_STANDARD = "gnu++20";
				CLANG_ENABLE_MODULES = YES;
				CLANG_ENABLE_OBJC_ARC = YES;
				CLANG_ENABLE_OBJC_WEAK = YES;
				CLANG_WARN_BLOCK_CAPTURE_AUTORELEASING = YES;
				CLANG_WARN_BOOL_CONVERSION = YES;
				CLANG_WARN_COMMA = YES;
				CLANG_WARN_CONSTANT_CONVERSION = YES;
				CLANG_WARN_DEPRECATED_OBJC_IMPLEMENTATIONS = YES;
				CLANG_WARN_DIRECT_OBJC_ISA_USAGE = YES_ERROR;
				CLANG_WARN_DOCUMENTATION_COMMENTS = YES;
				CLANG_WARN_EMPTY_BODY = YES;
				CLANG_WARN_ENUM_CONVERSION = YES;
				CLANG_WARN_INFINITE_RECURSION = YES;
				CLANG_WARN_INT_CONVERSION = YES;
				CLANG_WARN_NON_LITERAL_NULL_CONVERSION = YES;
				CLANG_WARN_OBJC_IMPLICIT_RETAIN_SELF = YES;
				CLANG_WARN_OBJC_LITERAL_CONVERSION = YES;
				CLANG_WARN_OBJC_ROOT_CLASS = YES_ERROR;
				CLANG_WARN_QUOTED_INCLUDE_IN_FRAMEWORK_HEADER = YES;
				CLANG_WARN_RANGE_LOOP_ANALYSIS = YES;
				CLANG_WARN_STRICT_PROTOTYPES = YES;
				CLANG_WARN_SUSPICIOUS_MOVE = YES;
				CLANG_WARN_UNGUARDED_AVAILABILITY = YES_AGGRESSIVE;
				CLANG_WARN_UNREACHABLE_CODE = YES;
				CLANG_WARN__DUPLICATE_METHOD_MATCH = YES;
				COPY_PHASE_STRIP = NO;
				DEBUG_INFORMATION_FORMAT = "dwarf-with-dsym";
				ENABLE_NS_ASSERTIONS = NO;
				ENABLE_STRICT_OBJC_MSGSEND = YES;
				GCC_C_LANGUAGE_STANDARD = gnu11;
				GCC_NO_COMMON_BLOCKS = YES;
				GCC_WARN_64_TO_32_BIT_CONVERSION = YES;
				GCC_WARN_ABOUT_RETURN_TYPE = YES_ERROR;
				GCC_WARN_UNDECLARED_SELECTOR = YES;
				GCC_WARN_UNINITIALIZED_AUTOS = YES_AGGRESSIVE;
				GCC_WARN_UNUSED_FUNCTION = YES;
				GCC_WARN_UNUSED_VARIABLE = YES;
				IPHONEOS_DEPLOYMENT_TARGET = 16.0;
				MTL_ENABLE_DEBUG_INFO = NO;
				MTL_FAST_MATH = YES;
				SDKROOT = iphoneos;
				SWIFT_COMPILATION_MODE = wholemodule;
				SWIFT_OPTIMIZATION_LEVEL = "-O";
				VALIDATE_PRODUCT = YES;
			};
			name = Release;
		};
		33D219C5291FBC0D009F4967 /* Debug */ = {
			isa = XCBuildConfiguration;
			buildSettings = {
				ASSETCATALOG_COMPILER_APPICON_NAME = AppIcon;
				ASSETCATALOG_COMPILER_GLOBAL_ACCENT_COLOR_NAME = AccentColor;
				CODE_SIGN_STYLE = Automatic;
				CURRENT_PROJECT_VERSION = 1;
				DEVELOPMENT_TEAM = 3UT276DC9L;
				GENERATE_INFOPLIST_FILE = YES;
				INFOPLIST_FILE = JornadaIOSAluraFilmes/Info.plist;
				INFOPLIST_KEY_UIApplicationSupportsIndirectInputEvents = YES;
				INFOPLIST_KEY_UILaunchStoryboardName = LaunchScreen;
				INFOPLIST_KEY_UIMainStoryboardFile = "";
				INFOPLIST_KEY_UISupportedInterfaceOrientations_iPad = "UIInterfaceOrientationPortrait UIInterfaceOrientationPortraitUpsideDown UIInterfaceOrientationLandscapeLeft UIInterfaceOrientationLandscapeRight";
				INFOPLIST_KEY_UISupportedInterfaceOrientations_iPhone = "UIInterfaceOrientationPortrait UIInterfaceOrientationLandscapeLeft UIInterfaceOrientationLandscapeRight";
				LD_RUNPATH_SEARCH_PATHS = (
					"$(inherited)",
					"@executable_path/Frameworks",
				);
				MARKETING_VERSION = 1.0;
				PRODUCT_BUNDLE_IDENTIFIER = com.fernanda.JornadaIOSAluraFilmes;
				PRODUCT_NAME = "$(TARGET_NAME)";
				SWIFT_EMIT_LOC_STRINGS = YES;
				SWIFT_VERSION = 5.0;
				TARGETED_DEVICE_FAMILY = "1,2";
			};
			name = Debug;
		};
		33D219C6291FBC0D009F4967 /* Release */ = {
			isa = XCBuildConfiguration;
			buildSettings = {
				ASSETCATALOG_COMPILER_APPICON_NAME = AppIcon;
				ASSETCATALOG_COMPILER_GLOBAL_ACCENT_COLOR_NAME = AccentColor;
				CODE_SIGN_STYLE = Automatic;
				CURRENT_PROJECT_VERSION = 1;
				DEVELOPMENT_TEAM = 3UT276DC9L;
				GENERATE_INFOPLIST_FILE = YES;
				INFOPLIST_FILE = JornadaIOSAluraFilmes/Info.plist;
				INFOPLIST_KEY_UIApplicationSupportsIndirectInputEvents = YES;
				INFOPLIST_KEY_UILaunchStoryboardName = LaunchScreen;
				INFOPLIST_KEY_UIMainStoryboardFile = "";
				INFOPLIST_KEY_UISupportedInterfaceOrientations_iPad = "UIInterfaceOrientationPortrait UIInterfaceOrientationPortraitUpsideDown UIInterfaceOrientationLandscapeLeft UIInterfaceOrientationLandscapeRight";
				INFOPLIST_KEY_UISupportedInterfaceOrientations_iPhone = "UIInterfaceOrientationPortrait UIInterfaceOrientationLandscapeLeft UIInterfaceOrientationLandscapeRight";
				LD_RUNPATH_SEARCH_PATHS = (
					"$(inherited)",
					"@executable_path/Frameworks",
				);
				MARKETING_VERSION = 1.0;
				PRODUCT_BUNDLE_IDENTIFIER = com.fernanda.JornadaIOSAluraFilmes;
				PRODUCT_NAME = "$(TARGET_NAME)";
				SWIFT_EMIT_LOC_STRINGS = YES;
				SWIFT_VERSION = 5.0;
				TARGETED_DEVICE_FAMILY = "1,2";
			};
			name = Release;
		};
/* End XCBuildConfiguration section */

/* Begin XCConfigurationList section */
		33D219AB291FBC0C009F4967 /* Build configuration list for PBXProject "JornadaIOSAluraFilmes" */ = {
			isa = XCConfigurationList;
			buildConfigurations = (
				33D219C2291FBC0D009F4967 /* Debug */,
				33D219C3291FBC0D009F4967 /* Release */,
			);
			defaultConfigurationIsVisible = 0;
			defaultConfigurationName = Release;
		};
		33D219C4291FBC0D009F4967 /* Build configuration list for PBXNativeTarget "JornadaIOSAluraFilmes" */ = {
			isa = XCConfigurationList;
			buildConfigurations = (
				33D219C5291FBC0D009F4967 /* Debug */,
				33D219C6291FBC0D009F4967 /* Release */,
			);
			defaultConfigurationIsVisible = 0;
			defaultConfigurationName = Release;
		};
/* End XCConfigurationList section */
	};
	rootObject = 33D219A8291FBC0C009F4967 /* Project object */;
}
